
Microsoft Visual Studio Solution File, Format Version 12.00
# Visual Studio Version 16
VisualStudioVersion = 16.0.33328.57
MinimumVisualStudioVersion = 10.0.40219.1
Project("{8BC9CEB8-8B4A-11D0-8D11-00A0C91BC942}") = "Normal_31", "Normal_31\Normal_31.vcxproj", "{F37DC182-26E1-477E-BB9F-F266768C5098}"
EndProject
Global
	GlobalSection(SolutionConfigurationPlatforms) = preSolution
		Debug|x64 = Debug|x64
		Debug|x86 = Debug|x86
		Release|x64 = Release|x64
		Release|x86 = Release|x86
	EndGlobalSection
	GlobalSection(ProjectConfigurationPlatforms) = postSolution
		{F37DC182-26E1-477E-BB9F-F266768C5098}.Debug|x64.ActiveCfg = Debug|x64
		{F37DC182-26E1-477E-BB9F-F266768C5098}.Debug|x64.Build.0 = Debug|x64
		{F37DC182-26E1-477E-BB9F-F266768C5098}.Debug|x86.ActiveCfg = Debug|Win32
		{F37DC182-26E1-477E-BB9F-F266768C5098}.Debug|x86.Build.0 = Debug|Win32
		{F37DC182-26E1-477E-BB9F-F266768C5098}.Release|x64.ActiveCfg = Release|x64
		{F37DC182-26E1-477E-BB9F-F266768C5098}.Release|x64.Build.0 = Release|x64
		{F37DC182-26E1-477E-BB9F-F266768C5098}.Release|x86.ActiveCfg = Release|Win32
		{F37DC182-26E1-477E-BB9F-F266768C5098}.Release|x86.Build.0 = Release|Win32
	EndGlobalSection
	GlobalSection(SolutionProperties) = preSolution
		HideSolutionNode = FALSE
	EndGlobalSection
	GlobalSection(ExtensibilityGlobals) = postSolution
		SolutionGuid = {447C8702-02E3-467D-AD9E-5A418BAABF58}
	EndGlobalSection
EndGlobal
